// !$*UTF8*$!
{
	archiveVersion = 1;
	classes = {
	};
	objectVersion = 56;
	objects = {

/* Begin PBXBuildFile section */
		1D437F712B9B04630025128C /* AppDelegate.swift in Sources */ = {isa = PBXBuildFile; fileRef = 1D437F702B9B04630025128C /* AppDelegate.swift */; };
		1D437F732B9B04630025128C /* SceneDelegate.swift in Sources */ = {isa = PBXBuildFile; fileRef = 1D437F722B9B04630025128C /* SceneDelegate.swift */; };
		1D437F752B9B04630025128C /* ViewController.swift in Sources */ = {isa = PBXBuildFile; fileRef = 1D437F742B9B04630025128C /* ViewController.swift */; };
		1D437F782B9B04630025128C /* Main.storyboard in Resources */ = {isa = PBXBuildFile; fileRef = 1D437F762B9B04630025128C /* Main.storyboard */; };
		1D437F7A2B9B04640025128C /* Assets.xcassets in Resources */ = {isa = PBXBuildFile; fileRef = 1D437F792B9B04640025128C /* Assets.xcassets */; };
		1D437F7D2B9B04640025128C /* LaunchScreen.storyboard in Resources */ = {isa = PBXBuildFile; fileRef = 1D437F7B2B9B04640025128C /* LaunchScreen.storyboard */; };
		1D437F862B9B04AA0025128C /* MakerView.swift in Sources */ = {isa = PBXBuildFile; fileRef = 1D437F852B9B04AA0025128C /* MakerView.swift */; };
		1D437F8B2B9CC55F0025128C /* GreenViewController.swift in Sources */ = {isa = PBXBuildFile; fileRef = 1D437F8A2B9CC55F0025128C /* GreenViewController.swift */; };
		1D437F8E2B9CD15C0025128C /* ValidateProtocol.swift in Sources */ = {isa = PBXBuildFile; fileRef = 1D437F8D2B9CD15C0025128C /* ValidateProtocol.swift */; };
/* End PBXBuildFile section */

/* Begin PBXFileReference section */
		1D437F6D2B9B04630025128C /* Singleton48.app */ = {isa = PBXFileReference; explicitFileType = wrapper.application; includeInIndex = 0; path = Singleton48.app; sourceTree = BUILT_PRODUCTS_DIR; };
		1D437F702B9B04630025128C /* AppDelegate.swift */ = {isa = PBXFileReference; lastKnownFileType = sourcecode.swift; path = AppDelegate.swift; sourceTree = "<group>"; };
		1D437F722B9B04630025128C /* SceneDelegate.swift */ = {isa = PBXFileReference; lastKnownFileType = sourcecode.swift; path = SceneDelegate.swift; sourceTree = "<group>"; };
		1D437F742B9B04630025128C /* ViewController.swift */ = {isa = PBXFileReference; lastKnownFileType = sourcecode.swift; path = ViewController.swift; sourceTree = "<group>"; };
		1D437F772B9B04630025128C /* Base */ = {isa = PBXFileReference; lastKnownFileType = file.storyboard; name = Base; path = Base.lproj/Main.storyboard; sourceTree = "<group>"; };
		1D437F792B9B04640025128C /* Assets.xcassets */ = {isa = PBXFileReference; lastKnownFileType = folder.assetcatalog; path = Assets.xcassets; sourceTree = "<group>"; };
		1D437F7C2B9B04640025128C /* Base */ = {isa = PBXFileReference; lastKnownFileType = file.storyboard; name = Base; path = Base.lproj/LaunchScreen.storyboard; sourceTree = "<group>"; };
		1D437F7E2B9B04640025128C /* Info.plist */ = {isa = PBXFileReference; lastKnownFileType = text.plist.xml; path = Info.plist; sourceTree = "<group>"; };
		1D437F852B9B04AA0025128C /* MakerView.swift */ = {isa = PBXFileReference; lastKnownFileType = sourcecode.swift; path = MakerView.swift; sourceTree = "<group>"; };
		1D437F8A2B9CC55F0025128C /* GreenViewController.swift */ = {isa = PBXFileReference; lastKnownFileType = sourcecode.swift; path = GreenViewController.swift; sourceTree = "<group>"; };
		1D437F8D2B9CD15C0025128C /* ValidateProtocol.swift */ = {isa = PBXFileReference; lastKnownFileType = sourcecode.swift; path = ValidateProtocol.swift; sourceTree = "<group>"; };
/* End PBXFileReference section */

/* Begin PBXFrameworksBuildPhase section */
		1D437F6A2B9B04630025128C /* Frameworks */ = {
			isa = PBXFrameworksBuildPhase;
			buildActionMask = 2147483647;
			files = (
			);
			runOnlyForDeploymentPostprocessing = 0;
		};
/* End PBXFrameworksBuildPhase section */

/* Begin PBXGroup section */
		1D437F642B9B04630025128C = {
			isa = PBXGroup;
			children = (
				1D437F6F2B9B04630025128C /* Singleton48 */,
				1D437F6E2B9B04630025128C /* Products */,
			);
			sourceTree = "<group>";
		};
		1D437F6E2B9B04630025128C /* Products */ = {
			isa = PBXGroup;
			children = (
				1D437F6D2B9B04630025128C /* Singleton48.app */,
			);
			name = Products;
			sourceTree = "<group>";
		};
		1D437F6F2B9B04630025128C /* Singleton48 */ = {
			isa = PBXGroup;
			children = (
				1D437F872B9B04CC0025128C /* Delegates */,
				1D437F892B9B05000025128C /* VC */,
				1D437F8C2B9CD13B0025128C /* Protocol */,
				1D437F842B9B04970025128C /* MakerView */,
				1D437F882B9B04E20025128C /* Resources */,
				1D437F7E2B9B04640025128C /* Info.plist */,
			);
			path = Singleton48;
			sourceTree = "<group>";
		};
		1D437F842B9B04970025128C /* MakerView */ = {
			isa = PBXGroup;
			children = (
				1D437F852B9B04AA0025128C /* MakerView.swift */,
			);
			path = MakerView;
			sourceTree = "<group>";
		};
		1D437F872B9B04CC0025128C /* Delegates */ = {
			isa = PBXGroup;
			children = (
				1D437F702B9B04630025128C /* AppDelegate.swift */,
				1D437F722B9B04630025128C /* SceneDelegate.swift */,
			);
			path = Delegates;
			sourceTree = "<group>";
		};
		1D437F882B9B04E20025128C /* Resources */ = {
			isa = PBXGroup;
			children = (
				1D437F762B9B04630025128C /* Main.storyboard */,
				1D437F792B9B04640025128C /* Assets.xcassets */,
				1D437F7B2B9B04640025128C /* LaunchScreen.storyboard */,
			);
			path = Resources;
			sourceTree = "<group>";
		};
		1D437F892B9B05000025128C /* VC */ = {
			isa = PBXGroup;
			children = (
				1D437F742B9B04630025128C /* ViewController.swift */,
				1D437F8A2B9CC55F0025128C /* GreenViewController.swift */,
			);
			path = VC;
			sourceTree = "<group>";
		};
		1D437F8C2B9CD13B0025128C /* Protocol */ = {
			isa = PBXGroup;
			children = (
				1D437F8D2B9CD15C0025128C /* ValidateProtocol.swift */,
			);
			path = Protocol;
			sourceTree = "<group>";
		};
/* End PBXGroup section */

/* Begin PBXNativeTarget section */
		1D437F6C2B9B04630025128C /* Singleton48 */ = {
			isa = PBXNativeTarget;
			buildConfigurationList = 1D437F812B9B04640025128C /* Build configuration list for PBXNativeTarget "Singleton48" */;
			buildPhases = (
				1D437F692B9B04630025128C /* Sources */,
				1D437F6A2B9B04630025128C /* Frameworks */,
				1D437F6B2B9B04630025128C /* Resources */,
			);
			buildRules = (
			);
			dependencies = (
			);
			name = Singleton48;
			productName = Singleton48;
			productReference = 1D437F6D2B9B04630025128C /* Singleton48.app */;
			productType = "com.apple.product-type.application";
		};
/* End PBXNativeTarget section */

/* Begin PBXProject section */
		1D437F652B9B04630025128C /* Project object */ = {
			isa = PBXProject;
			attributes = {
				BuildIndependentTargetsInParallel = 1;
				LastSwiftUpdateCheck = 1500;
				LastUpgradeCheck = 1500;
				TargetAttributes = {
					1D437F6C2B9B04630025128C = {
						CreatedOnToolsVersion = 15.0.1;
					};
				};
			};
			buildConfigurationList = 1D437F682B9B04630025128C /* Build configuration list for PBXProject "Singleton48" */;
			compatibilityVersion = "Xcode 14.0";
			developmentRegion = en;
			hasScannedForEncodings = 0;
			knownRegions = (
				en,
				Base,
			);
			mainGroup = 1D437F642B9B04630025128C;
			productRefGroup = 1D437F6E2B9B04630025128C /* Products */;
			projectDirPath = "";
			projectRoot = "";
			targets = (
				1D437F6C2B9B04630025128C /* Singleton48 */,
			);
		};
/* End PBXProject section */

/* Begin PBXResourcesBuildPhase section */
		1D437F6B2B9B04630025128C /* Resources */ = {
			isa = PBXResourcesBuildPhase;
			buildActionMask = 2147483647;
			files = (
				1D437F7D2B9B04640025128C /* LaunchScreen.storyboard in Resources */,
				1D437F7A2B9B04640025128C /* Assets.xcassets in Resources */,
				1D437F782B9B04630025128C /* Main.storyboard in Resources */,
			);
			runOnlyForDeploymentPostprocessing = 0;
		};
/* End PBXResourcesBuildPhase section */

/* Begin PBXSourcesBuildPhase section */
		1D437F692B9B04630025128C /* Sources */ = {
			isa = PBXSourcesBuildPhase;
			buildActionMask = 2147483647;
			files = (
				1D437F752B9B04630025128C /* ViewController.swift in Sources */,
				1D437F862B9B04AA0025128C /* MakerView.swift in Sources */,
				1D437F712B9B04630025128C /* AppDelegate.swift in Sources */,
				1D437F732B9B04630025128C /* SceneDelegate.swift in Sources */,
				1D437F8B2B9CC55F0025128C /* GreenViewController.swift in Sources */,
				1D437F8E2B9CD15C0025128C /* ValidateProtocol.swift in Sources */,
			);
			runOnlyForDeploymentPostprocessing = 0;
		};
/* End PBXSourcesBuildPhase section */

/* Begin PBXVariantGroup section */
		1D437F762B9B04630025128C /* Main.storyboard */ = {
			isa = PBXVariantGroup;
			children = (
				1D437F772B9B04630025128C /* Base */,
			);
			name = Main.storyboard;
			sourceTree = "<group>";
		};
		1D437F7B2B9B04640025128C /* LaunchScreen.storyboard */ = {
			isa = PBXVariantGroup;
			children = (
				1D437F7C2B9B04640025128C /* Base */,
			);
			name = LaunchScreen.storyboard;
			sourceTree = "<group>";
		};
/* End PBXVariantGroup section */

/* Begin XCBuildConfiguration section */
		1D437F7F2B9B04640025128C /* Debug */ = {
			isa = XCBuildConfiguration;
			buildSettings = {
				ALWAYS_SEARCH_USER_PATHS = NO;
				ASSETCATALOG_COMPILER_GENERATE_SWIFT_ASSET_SYMBOL_EXTENSIONS = YES;
				CLANG_ANALYZER_NONNULL = YES;
				CLANG_ANALYZER_NUMBER_OBJECT_CONVERSION = YES_AGGRESSIVE;
				CLANG_CXX_LANGUAGE_STANDARD = "gnu++20";
				CLANG_ENABLE_MODULES = YES;
				CLANG_ENABLE_OBJC_ARC = YES;
				CLANG_ENABLE_OBJC_WEAK = YES;
				CLANG_WARN_BLOCK_CAPTURE_AUTORELEASING = YES;
				CLANG_WARN_BOOL_CONVERSION = YES;
				CLANG_WARN_COMMA = YES;
				CLANG_WARN_CONSTANT_CONVERSION = YES;
				CLANG_WARN_DEPRECATED_OBJC_IMPLEMENTATIONS = YES;
				CLANG_WARN_DIRECT_OBJC_ISA_USAGE = YES_ERROR;
				CLANG_WARN_DOCUMENTATION_COMMENTS = YES;
				CLANG_WARN_EMPTY_BODY = YES;
				CLANG_WARN_ENUM_CONVERSION = YES;
				CLANG_WARN_INFINITE_RECURSION = YES;
				CLANG_WARN_INT_CONVERSION = YES;
				CLANG_WARN_NON_LITERAL_NULL_CONVERSION = YES;
				CLANG_WARN_OBJC_IMPLICIT_RETAIN_SELF = YES;
				CLANG_WARN_OBJC_LITERAL_CONVERSION = YES;
				CLANG_WARN_OBJC_ROOT_CLASS = YES_ERROR;
				CLANG_WARN_QUOTED_INCLUDE_IN_FRAMEWORK_HEADER = YES;
				CLANG_WARN_RANGE_LOOP_ANALYSIS = YES;
				CLANG_WARN_STRICT_PROTOTYPES = YES;
				CLANG_WARN_SUSPICIOUS_MOVE = YES;
				CLANG_WARN_UNGUARDED_AVAILABILITY = YES_AGGRESSIVE;
				CLANG_WARN_UNREACHABLE_CODE = YES;
				CLANG_WARN__DUPLICATE_METHOD_MATCH = YES;
				COPY_PHASE_STRIP = NO;
				DEBUG_INFORMATION_FORMAT = dwarf;
				ENABLE_STRICT_OBJC_MSGSEND = YES;
				ENABLE_TESTABILITY = YES;
				ENABLE_USER_SCRIPT_SANDBOXING = YES;
				GCC_C_LANGUAGE_STANDARD = gnu17;
				GCC_DYNAMIC_NO_PIC = NO;
				GCC_NO_COMMON_BLOCKS = YES;
				GCC_OPTIMIZATION_LEVEL = 0;
				GCC_PREPROCESSOR_DEFINITIONS = (
					"DEBUG=1",
					"$(inherited)",
				);
				GCC_WARN_64_TO_32_BIT_CONVERSION = YES;
				GCC_WARN_ABOUT_RETURN_TYPE = YES_ERROR;
				GCC_WARN_UNDECLARED_SELECTOR = YES;
				GCC_WARN_UNINITIALIZED_AUTOS = YES_AGGRESSIVE;
				GCC_WARN_UNUSED_FUNCTION = YES;
				GCC_WARN_UNUSED_VARIABLE = YES;
				IPHONEOS_DEPLOYMENT_TARGET = 16.0;
				LOCALIZATION_PREFERS_STRING_CATALOGS = YES;
				MTL_ENABLE_DEBUG_INFO = INCLUDE_SOURCE;
				MTL_FAST_MATH = YES;
				ONLY_ACTIVE_ARCH = YES;
				SDKROOT = iphoneos;
				SWIFT_ACTIVE_COMPILATION_CONDITIONS = "DEBUG $(inherited)";
				SWIFT_OPTIMIZATION_LEVEL = "-Onone";
			};
			name = Debug;
		};
		1D437F802B9B04640025128C /* Release */ = {
			isa = XCBuildConfiguration;
			buildSettings = {
				ALWAYS_SEARCH_USER_PATHS = NO;
				ASSETCATALOG_COMPILER_GENERATE_SWIFT_ASSET_SYMBOL_EXTENSIONS = YES;
				CLANG_ANALYZER_NONNULL = YES;
				CLANG_ANALYZER_NUMBER_OBJECT_CONVERSION = YES_AGGRESSIVE;
				CLANG_CXX_LANGUAGE_STANDARD = "gnu++20";
				CLANG_ENABLE_MODULES = YES;
				CLANG_ENABLE_OBJC_ARC = YES;
				CLANG_ENABLE_OBJC_WEAK = YES;
				CLANG_WARN_BLOCK_CAPTURE_AUTORELEASING = YES;
				CLANG_WARN_BOOL_CONVERSION = YES;
				CLANG_WARN_COMMA = YES;
				CLANG_WARN_CONSTANT_CONVERSION = YES;
				CLANG_WARN_DEPRECATED_OBJC_IMPLEMENTATIONS = YES;
				CLANG_WARN_DIRECT_OBJC_ISA_USAGE = YES_ERROR;
				CLANG_WARN_DOCUMENTATION_COMMENTS = YES;
				CLANG_WARN_EMPTY_BODY = YES;
				CLANG_WARN_ENUM_CONVERSION = YES;
				CLANG_WARN_INFINITE_RECURSION = YES;
				CLANG_WARN_INT_CONVERSION = YES;
				CLANG_WARN_NON_LITERAL_NULL_CONVERSION = YES;
				CLANG_WARN_OBJC_IMPLICIT_RETAIN_SELF = YES;
				CLANG_WARN_OBJC_LITERAL_CONVERSION = YES;
				CLANG_WARN_OBJC_ROOT_CLASS = YES_ERROR;
				CLANG_WARN_QUOTED_INCLUDE_IN_FRAMEWORK_HEADER = YES;
				CLANG_WARN_RANGE_LOOP_ANALYSIS = YES;
				CLANG_WARN_STRICT_PROTOTYPES = YES;
				CLANG_WARN_SUSPICIOUS_MOVE = YES;
				CLANG_WARN_UNGUARDED_AVAILABILITY = YES_AGGRESSIVE;
				CLANG_WARN_UNREACHABLE_CODE = YES;
				CLANG_WARN__DUPLICATE_METHOD_MATCH = YES;
				COPY_PHASE_STRIP = NO;
				DEBUG_INFORMATION_FORMAT = "dwarf-with-dsym";
				ENABLE_NS_ASSERTIONS = NO;
				ENABLE_STRICT_OBJC_MSGSEND = YES;
				ENABLE_USER_SCRIPT_SANDBOXING = YES;
				GCC_C_LANGUAGE_STANDARD = gnu17;
				GCC_NO_COMMON_BLOCKS = YES;
				GCC_WARN_64_TO_32_BIT_CONVERSION = YES;
				GCC_WARN_ABOUT_RETURN_TYPE = YES_ERROR;
				GCC_WARN_UNDECLARED_SELECTOR = YES;
				GCC_WARN_UNINITIALIZED_AUTOS = YES_AGGRESSIVE;
				GCC_WARN_UNUSED_FUNCTION = YES;
				GCC_WARN_UNUSED_VARIABLE = YES;
				IPHONEOS_DEPLOYMENT_TARGET = 16.0;
				LOCALIZATION_PREFERS_STRING_CATALOGS = YES;
				MTL_ENABLE_DEBUG_INFO = NO;
				MTL_FAST_MATH = YES;
				SDKROOT = iphoneos;
				SWIFT_COMPILATION_MODE = wholemodule;
				VALIDATE_PRODUCT = YES;
			};
			name = Release;
		};
		1D437F822B9B04640025128C /* Debug */ = {
			isa = XCBuildConfiguration;
			buildSettings = {
				ASSETCATALOG_COMPILER_APPICON_NAME = AppIcon;
				ASSETCATALOG_COMPILER_GLOBAL_ACCENT_COLOR_NAME = AccentColor;
				CODE_SIGN_STYLE = Automatic;
				CURRENT_PROJECT_VERSION = 1;
				GENERATE_INFOPLIST_FILE = YES;
				INFOPLIST_FILE = Singleton48/Info.plist;
				INFOPLIST_KEY_UIApplicationSupportsIndirectInputEvents = YES;
				INFOPLIST_KEY_UILaunchStoryboardName = LaunchScreen;
				INFOPLIST_KEY_UIMainStoryboardFile = Main;
				INFOPLIST_KEY_UISupportedInterfaceOrientations_iPad = "UIInterfaceOrientationPortrait UIInterfaceOrientationPortraitUpsideDown UIInterfaceOrientationLandscapeLeft UIInterfaceOrientationLandscapeRight";
				INFOPLIST_KEY_UISupportedInterfaceOrientations_iPhone = "UIInterfaceOrientationPortrait UIInterfaceOrientationLandscapeLeft UIInterfaceOrientationLandscapeRight";
				LD_RUNPATH_SEARCH_PATHS = (
					"$(inherited)",
					"@executable_path/Frameworks",
				);
				MARKETING_VERSION = 1.0;
				PRODUCT_BUNDLE_IDENTIFIER = qq.Singleton48;
				PRODUCT_NAME = "$(TARGET_NAME)";
				SWIFT_EMIT_LOC_STRINGS = YES;
				SWIFT_VERSION = 5.0;
				TARGETED_DEVICE_FAMILY = "1,2";
			};
			name = Debug;
		};
		1D437F832B9B04640025128C /* Release */ = {
			isa = XCBuildConfiguration;
			buildSettings = {
				ASSETCATALOG_COMPILER_APPICON_NAME = AppIcon;
				ASSETCATALOG_COMPILER_GLOBAL_ACCENT_COLOR_NAME = AccentColor;
				CODE_SIGN_STYLE = Automatic;
				CURRENT_PROJECT_VERSION = 1;
				GENERATE_INFOPLIST_FILE = YES;
				INFOPLIST_FILE = Singleton48/Info.plist;
				INFOPLIST_KEY_UIApplicationSupportsIndirectInputEvents = YES;
				INFOPLIST_KEY_UILaunchStoryboardName = LaunchScreen;
				INFOPLIST_KEY_UIMainStoryboardFile = Main;
				INFOPLIST_KEY_UISupportedInterfaceOrientations_iPad = "UIInterfaceOrientationPortrait UIInterfaceOrientationPortraitUpsideDown UIInterfaceOrientationLandscapeLeft UIInterfaceOrientationLandscapeRight";
				INFOPLIST_KEY_UISupportedInterfaceOrientations_iPhone = "UIInterfaceOrientationPortrait UIInterfaceOrientationLandscapeLeft UIInterfaceOrientationLandscapeRight";
				LD_RUNPATH_SEARCH_PATHS = (
					"$(inherited)",
					"@executable_path/Frameworks",
				);
				MARKETING_VERSION = 1.0;
				PRODUCT_BUNDLE_IDENTIFIER = qq.Singleton48;
				PRODUCT_NAME = "$(TARGET_NAME)";
				SWIFT_EMIT_LOC_STRINGS = YES;
				SWIFT_VERSION = 5.0;
				TARGETED_DEVICE_FAMILY = "1,2";
			};
			name = Release;
		};
/* End XCBuildConfiguration section */

/* Begin XCConfigurationList section */
		1D437F682B9B04630025128C /* Build configuration list for PBXProject "Singleton48" */ = {
			isa = XCConfigurationList;
			buildConfigurations = (
				1D437F7F2B9B04640025128C /* Debug */,
				1D437F802B9B04640025128C /* Release */,
			);
			defaultConfigurationIsVisible = 0;
			defaultConfigurationName = Release;
		};
		1D437F812B9B04640025128C /* Build configuration list for PBXNativeTarget "Singleton48" */ = {
			isa = XCConfigurationList;
			buildConfigurations = (
				1D437F822B9B04640025128C /* Debug */,
				1D437F832B9B04640025128C /* Release */,
			);
			defaultConfigurationIsVisible = 0;
			defaultConfigurationName = Release;
		};
/* End XCConfigurationList section */
	};
	rootObject = 1D437F652B9B04630025128C /* Project object */;
}
